
Microsoft Visual Studio Solution File, Format Version 12.00
# Visual Studio Version 17
VisualStudioVersion = 17.10.35013.160
MinimumVisualStudioVersion = 10.0.40219.1
Project("{FAE04EC0-301F-11D3-BF4B-00C04F79EFBC}") = "JoystickSpeedBoost", "JoystickSpeedBoost\JoystickSpeedBoost.csproj", "{DA1E0749-6047-40F8-A463-DB01080BDFEE}"
EndProject
Global
	GlobalSection(SolutionConfigurationPlatforms) = preSolution
		Debug|Any CPU = Debug|Any CPU
		Release|Any CPU = Release|Any CPU
	EndGlobalSection
	GlobalSection(ProjectConfigurationPlatforms) = postSolution
		{DA1E0749-6047-40F8-A463-DB01080BDFEE}.Debug|Any CPU.ActiveCfg = Debug|Any CPU
		{DA1E0749-6047-40F8-A463-DB01080BDFEE}.Debug|Any CPU.Build.0 = Debug|Any CPU
		{DA1E0749-6047-40F8-A463-DB01080BDFEE}.Release|Any CPU.ActiveCfg = Release|Any CPU
		{DA1E0749-6047-40F8-A463-DB01080BDFEE}.Release|Any CPU.Build.0 = Release|Any CPU
	EndGlobalSection
	GlobalSection(SolutionProperties) = preSolution
		HideSolutionNode = FALSE
	EndGlobalSection
	GlobalSection(ExtensibilityGlobals) = postSolution
		SolutionGuid = {1FF620FF-66A4-4D40-BA35-BBE38E1E7933}
	EndGlobalSection
EndGlobal
